# THIS IS AN AUTOGENERATED FILE. DO NOT EDIT THIS FILE DIRECTLY.
# yarn lockfile v1


"@types/bluebird@^3.0.37":
  version "3.0.37"
  resolved "http://registry.npm.taobao.org/@types/bluebird/download/@types/bluebird-3.0.37.tgz#2e76b394aa9bea40d04241a31c0887a260283388"

"@types/glob@^5.0.30":
  version "5.0.30"
  resolved "http://registry.npm.taobao.org/@types/glob/download/@types/glob-5.0.30.tgz#1026409c5625a8689074602808d082b2867b8a51"
  dependencies:
    "@types/minimatch" "*"
    "@types/node" "*"

"@types/minimatch@*":
  version "2.0.29"
  resolved "http://registry.npm.taobao.org/@types/minimatch/download/@types/minimatch-2.0.29.tgz#5002e14f75e2d71e564281df0431c8c1b4a2a36a"

"@types/node@*", "@types/node@^7.0.5":
  version "7.0.5"
  resolved "http://registry.npm.taobao.org/@types/node/download/@types/node-7.0.5.tgz#96a0f0a618b7b606f1ec547403c00650210bfbb7"

balanced-match@^0.4.1:
  version "0.4.2"
  resolved "http://registry.npm.taobao.org/balanced-match/download/balanced-match-0.4.2.tgz#cb3f3e3c732dc0f01ee70b403f302e61d7709838"

bluebird@^3.4.7:
  version "3.5.0"
  resolved "http://registry.npm.taobao.org/bluebird/download/bluebird-3.5.0.tgz#791420d7f551eea2897453a8a77653f96606d67c"

brace-expansion@^1.0.0:
  version "1.1.6"
  resolved "http://registry.npm.taobao.org/brace-expansion/download/brace-expansion-1.1.6.tgz#7197d7eaa9b87e648390ea61fc66c84427420df9"
  dependencies:
    balanced-match "^0.4.1"
    concat-map "0.0.1"

commander@^2.9.0:
  version "2.9.0"
  resolved "http://registry.npm.taobao.org/commander/download/commander-2.9.0.tgz#9c99094176e12240cb22d6c5146098400fe0f7d4"
  dependencies:
    graceful-readlink ">= 1.0.0"

concat-map@0.0.1:
  version "0.0.1"
  resolved "http://registry.npm.taobao.org/concat-map/download/concat-map-0.0.1.tgz#d8a96bd77fd68df7793a73036a3ba0d5405d477b"

console.table@^0.8.0:
  version "0.8.0"
  resolved "http://registry.npm.taobao.org/console.table/download/console.table-0.8.0.tgz#69e91d2eabfcced9a0c877ea670b251c6bdbd35f"
  dependencies:
    easy-table "1.0.0"

easy-table@1.0.0:
  version "1.0.0"
  resolved "http://registry.npm.taobao.org/easy-table/download/easy-table-1.0.0.tgz#29db2d0855d36316e4382e5a3d85d9cb5fc93216"

fs-extra@^0.16.3:
  version "0.16.5"
  resolved "http://registry.npm.taobao.org/fs-extra/download/fs-extra-0.16.5.tgz#1ad661fa6c86c9608cd1b49efc6fce834939a750"
  dependencies:
    graceful-fs "^3.0.5"
    jsonfile "^2.0.0"
    rimraf "^2.2.8"

fs.realpath@^1.0.0:
  version "1.0.0"
  resolved "http://registry.npm.taobao.org/fs.realpath/download/fs.realpath-1.0.0.tgz#1504ad2523158caa40db4a2787cb01411994ea4f"

generator-assets@^2.7.3:
  version "2.7.3"
  resolved "http://registry.npm.taobao.org/generator-assets/download/generator-assets-2.7.3.tgz#e8246f49da306186ad85a4c7efbb3817f0762778"
  dependencies:
    fs-extra "^0.16.3"
    q "~1.0"
    svgobjectmodelgenerator "git+https://github.com/adobe-research/svgObjectModelGenerator.git#release-0.6"
    tmp "~0.0.24"

generator-core@^3.8.3:
  version "3.8.3"
  resolved "http://registry.npm.taobao.org/generator-core/download/generator-core-3.8.3.tgz#bf4fd7fd6f39d22e7c02200af056e23219ccb533"
  dependencies:
    optimist "~0.6"
    q "~1.0"
    semver "^5.1.0"
    ws "^1.0.1"

glob@^7.0.5, glob@^7.1.1:
  version "7.1.1"
  resolved "http://registry.npm.taobao.org/glob/download/glob-7.1.1.tgz#805211df04faaf1c63a3600306cdf5ade50b2ec8"
  dependencies:
    fs.realpath "^1.0.0"
    inflight "^1.0.4"
    inherits "2"
    minimatch "^3.0.2"
    once "^1.3.0"
    path-is-absolute "^1.0.0"

graceful-fs@^3.0.5:
  version "3.0.11"
  resolved "http://registry.npm.taobao.org/graceful-fs/download/graceful-fs-3.0.11.tgz#7613c778a1afea62f25c630a086d7f3acbbdd818"
  dependencies:
    natives "^1.1.0"

graceful-fs@^4.1.6:
  version "4.1.11"
  resolved "http://registry.npm.taobao.org/graceful-fs/download/graceful-fs-4.1.11.tgz#0e8bdfe4d1ddb8854d64e04ea7c00e2a026e5658"

"graceful-readlink@>= 1.0.0":
  version "1.0.1"
  resolved "http://registry.npm.taobao.org/graceful-readlink/download/graceful-readlink-1.0.1.tgz#4cafad76bc62f02fa039b2f94e9a3dd3a391a725"

inflight@^1.0.4:
  version "1.0.6"
  resolved "http://registry.npm.taobao.org/inflight/download/inflight-1.0.6.tgz#49bd6331d7d02d0c09bc910a1075ba8165b56df9"
  dependencies:
    once "^1.3.0"
    wrappy "1"

inherits@2:
  version "2.0.3"
  resolved "http://registry.npm.taobao.org/inherits/download/inherits-2.0.3.tgz#633c2c83e3da42a502f52466022480f4208261de"

jsonfile@^2.0.0:
  version "2.4.0"
  resolved "http://registry.npm.taobao.org/jsonfile/download/jsonfile-2.4.0.tgz#3736a2b428b87bbda0cc83b53fa3d633a35c2ae8"
  optionalDependencies:
    graceful-fs "^4.1.6"

minimatch@^3.0.2:
  version "3.0.3"
  resolved "http://registry.npm.taobao.org/minimatch/download/minimatch-3.0.3.tgz#2a4e4090b96b2db06a9d7df01055a62a77c9b774"
  dependencies:
    brace-expansion "^1.0.0"

minimist@~0.0.1:
  version "0.0.10"
  resolved "http://registry.npm.taobao.org/minimist/download/minimist-0.0.10.tgz#de3f98543dbf96082be48ad1a0c7cda836301dcf"

natives@^1.1.0:
  version "1.1.0"
  resolved "http://registry.npm.taobao.org/natives/download/natives-1.1.0.tgz#e9ff841418a6b2ec7a495e939984f78f163e6e31"

object-assign@^4.0.1:
  version "4.1.1"
  resolved "http://registry.npm.taobao.org/object-assign/download/object-assign-4.1.1.tgz#2109adc7965887cfc05cbbd442cac8bfbb360863"

once@^1.3.0:
  version "1.4.0"
  resolved "http://registry.npm.taobao.org/once/download/once-1.4.0.tgz#583b1aa775961d4b113ac17d9c50baef9dd76bd1"
  dependencies:
    wrappy "1"

opn@^4.0.2:
  version "4.0.2"
  resolved "http://registry.npm.taobao.org/opn/download/opn-4.0.2.tgz#7abc22e644dff63b0a96d5ab7f2790c0f01abc95"
  dependencies:
    object-assign "^4.0.1"
    pinkie-promise "^2.0.0"

optimist@~0.6:
  version "0.6.1"
  resolved "http://registry.npm.taobao.org/optimist/download/optimist-0.6.1.tgz#da3ea74686fa21a19a111c326e90eb15a0196686"
  dependencies:
    minimist "~0.0.1"
    wordwrap "~0.0.2"

options@>=0.0.5:
  version "0.0.6"
  resolved "http://registry.npm.taobao.org/options/download/options-0.0.6.tgz#ec22d312806bb53e731773e7cdaefcf1c643128f"

os-tmpdir@~1.0.1:
  version "1.0.2"
  resolved "http://registry.npm.taobao.org/os-tmpdir/download/os-tmpdir-1.0.2.tgz#bbe67406c79aa85c5cfec766fe5734555dfa1274"

path-is-absolute@^1.0.0:
  version "1.0.1"
  resolved "http://registry.npm.taobao.org/path-is-absolute/download/path-is-absolute-1.0.1.tgz#174b9268735534ffbc7ace6bf53a5a9e1b5c5f5f"

pinkie-promise@^2.0.0:
  version "2.0.1"
  resolved "http://registry.npm.taobao.org/pinkie-promise/download/pinkie-promise-2.0.1.tgz#2135d6dfa7a358c069ac9b178776288228450ffa"
  dependencies:
    pinkie "^2.0.0"

pinkie@^2.0.0:
  version "2.0.4"
  resolved "http://registry.npm.taobao.org/pinkie/download/pinkie-2.0.4.tgz#72556b80cfa0d48a974e80e77248e80ed4f7f870"

q@~1.0:
  version "1.0.1"
  resolved "http://registry.npm.taobao.org/q/download/q-1.0.1.tgz#11872aeedee89268110b10a718448ffb10112a14"

rimraf@^2.2.8:
  version "2.6.1"
  resolved "http://registry.npm.taobao.org/rimraf/download/rimraf-2.6.1.tgz#c2338ec643df7a1b7fe5c54fa86f57428a55f33d"
  dependencies:
    glob "^7.0.5"

semver@^5.1.0:
  version "5.3.0"
  resolved "http://registry.npm.taobao.org/semver/download/semver-5.3.0.tgz#9b2ce5d3de02d17c6012ad326aa6b4d0cf54f94f"

"svgobjectmodelgenerator@git+https://github.com/adobe-research/svgObjectModelGenerator.git#release-0.6":
  version "0.6.0"
  resolved "git+https://github.com/adobe-research/svgObjectModelGenerator.git#b8a568dc24daa8c1bf41f83dfa9ec5b007fe46e8"
  dependencies:
    tmp "~0.0.24"

tmp@~0.0.24:
  version "0.0.31"
  resolved "http://registry.npm.taobao.org/tmp/download/tmp-0.0.31.tgz#8f38ab9438e17315e5dbd8b3657e8bfb277ae4a7"
  dependencies:
    os-tmpdir "~1.0.1"

typescript@^2.2.1:
  version "2.2.1"
  resolved "http://registry.npm.taobao.org/typescript/download/typescript-2.2.1.tgz#4862b662b988a4c8ff691cc7969622d24db76ae9"

ultron@1.0.x:
  version "1.0.2"
  resolved "http://registry.npm.taobao.org/ultron/download/ultron-1.0.2.tgz#ace116ab557cd197386a4e88f4685378c8b2e4fa"

wordwrap@~0.0.2:
  version "0.0.3"
  resolved "http://registry.npm.taobao.org/wordwrap/download/wordwrap-0.0.3.tgz#a3d5da6cd5c0bc0008d37234bbaf1bed63059107"

wrappy@1:
  version "1.0.2"
  resolved "http://registry.npm.taobao.org/wrappy/download/wrappy-1.0.2.tgz#b5243d8f3ec1aa35f1364605bc0d1036e30ab69f"

ws@^1.0.1:
  version "1.1.2"
  resolved "http://registry.npm.taobao.org/ws/download/ws-1.1.2.tgz#8a244fa052401e08c9886cf44a85189e1fd4067f"
  dependencies:
    options ">=0.0.5"
    ultron "1.0.x"
